
Microsoft Visual Studio Solution File, Format Version 12.00
# Visual Studio 14
VisualStudioVersion = 14.0.24720.0
MinimumVisualStudioVersion = 10.0.40219.1
Project("{FAE04EC0-301F-11D3-BF4B-00C04F79EFBC}") = "CommServer.UA.ConfigurationEditor.ServerConfiguration", "CommServer.UA.ConfigurationEditor.ServerConfiguration\CommServer.UA.ConfigurationEditor.ServerConfiguration.csproj", "{28F30394-6EBA-4584-9041-F69CCB921424}"
EndProject
Project("{FAE04EC0-301F-11D3-BF4B-00C04F79EFBC}") = "CommServer.UA.ConfigurationEditor.ModelsContainer", "CommServer.UA.ConfigurationEditor.ModelsContainer\CommServer.UA.ConfigurationEditor.ModelsContainer.csproj", "{643A2A07-394D-418F-937C-2D394EFE5015}"
EndProject
Project("{2150E333-8FDC-42A3-9474-1A3956D46DE8}") = "UnitTests", "UnitTests", "{8B113710-A3AE-40CB-A022-10B2D98C785B}"
EndProject
Project("{FAE04EC0-301F-11D3-BF4B-00C04F79EFBC}") = "CommServer.UA.ConfigurationEditor.ModelsContainer.UnitTests", "UnitTests\CommServer.UA.ConfigurationEditor.ModelsContainer.UnitTests\CommServer.UA.ConfigurationEditor.ModelsContainer.UnitTests.csproj", "{5F77262E-F522-462F-B30F-3FAD94723592}"
EndProject
Project("{FAE04EC0-301F-11D3-BF4B-00C04F79EFBC}") = "CommServer.UA.ConfigurationEditor.ServerConfiguration.UnitTests", "UnitTests\CommServer.UA.ConfigurationEditor.ServerConfiguration.UnitTests\CommServer.UA.ConfigurationEditor.ServerConfiguration.UnitTests.csproj", "{678A6D7B-A8AF-43B1-A5AA-9499A9E06065}"
EndProject
Project("{FAE04EC0-301F-11D3-BF4B-00C04F79EFBC}") = "CommServer.UA.ConfigurationEditor.ModelsContainer.ModelsTests", "CommServer.UA.ConfigurationEditor.ModelsContainer\CommServer.UA.ConfigurationEditor.ModelsContainer.ModelsTests.csproj", "{597DD859-BD2D-46F9-9F12-FA69E2152918}"
EndProject
Global
	GlobalSection(SolutionConfigurationPlatforms) = preSolution
		Debug|Any CPU = Debug|Any CPU
		Release|Any CPU = Release|Any CPU
	EndGlobalSection
	GlobalSection(ProjectConfigurationPlatforms) = postSolution
		{28F30394-6EBA-4584-9041-F69CCB921424}.Debug|Any CPU.ActiveCfg = Debug|Any CPU
		{28F30394-6EBA-4584-9041-F69CCB921424}.Debug|Any CPU.Build.0 = Debug|Any CPU
		{28F30394-6EBA-4584-9041-F69CCB921424}.Release|Any CPU.ActiveCfg = Release|Any CPU
		{28F30394-6EBA-4584-9041-F69CCB921424}.Release|Any CPU.Build.0 = Release|Any CPU
		{643A2A07-394D-418F-937C-2D394EFE5015}.Debug|Any CPU.ActiveCfg = Debug|Any CPU
		{643A2A07-394D-418F-937C-2D394EFE5015}.Debug|Any CPU.Build.0 = Debug|Any CPU
		{643A2A07-394D-418F-937C-2D394EFE5015}.Release|Any CPU.ActiveCfg = Release|Any CPU
		{643A2A07-394D-418F-937C-2D394EFE5015}.Release|Any CPU.Build.0 = Release|Any CPU
		{5F77262E-F522-462F-B30F-3FAD94723592}.Debug|Any CPU.ActiveCfg = Debug|Any CPU
		{5F77262E-F522-462F-B30F-3FAD94723592}.Debug|Any CPU.Build.0 = Debug|Any CPU
		{5F77262E-F522-462F-B30F-3FAD94723592}.Release|Any CPU.ActiveCfg = Release|Any CPU
		{5F77262E-F522-462F-B30F-3FAD94723592}.Release|Any CPU.Build.0 = Release|Any CPU
		{678A6D7B-A8AF-43B1-A5AA-9499A9E06065}.Debug|Any CPU.ActiveCfg = Debug|Any CPU
		{678A6D7B-A8AF-43B1-A5AA-9499A9E06065}.Debug|Any CPU.Build.0 = Debug|Any CPU
		{678A6D7B-A8AF-43B1-A5AA-9499A9E06065}.Release|Any CPU.ActiveCfg = Release|Any CPU
		{678A6D7B-A8AF-43B1-A5AA-9499A9E06065}.Release|Any CPU.Build.0 = Release|Any CPU
		{597DD859-BD2D-46F9-9F12-FA69E2152918}.Debug|Any CPU.ActiveCfg = Debug|Any CPU
		{597DD859-BD2D-46F9-9F12-FA69E2152918}.Debug|Any CPU.Build.0 = Debug|Any CPU
		{597DD859-BD2D-46F9-9F12-FA69E2152918}.Release|Any CPU.ActiveCfg = Release|Any CPU
		{597DD859-BD2D-46F9-9F12-FA69E2152918}.Release|Any CPU.Build.0 = Release|Any CPU
	EndGlobalSection
	GlobalSection(SolutionProperties) = preSolution
		HideSolutionNode = FALSE
	EndGlobalSection
	GlobalSection(NestedProjects) = preSolution
		{5F77262E-F522-462F-B30F-3FAD94723592} = {8B113710-A3AE-40CB-A022-10B2D98C785B}
		{678A6D7B-A8AF-43B1-A5AA-9499A9E06065} = {8B113710-A3AE-40CB-A022-10B2D98C785B}
	EndGlobalSection
EndGlobal
